
Microsoft Visual Studio Solution File, Format Version 12.00
# Visual Studio 15
VisualStudioVersion = 15.0.26403.0
MinimumVisualStudioVersion = 10.0.40219.1
Project("{FAE04EC0-301F-11D3-BF4B-00C04F79EFBC}") = "01.Odd Lines", "01.Odd Lines\01.Odd Lines.csproj", "{C71252F0-53AF-45BA-9083-04586C0D5BDA}"
EndProject
Project("{FAE04EC0-301F-11D3-BF4B-00C04F79EFBC}") = "02. Line Numbers", "02. Line Numbers\02. Line Numbers.csproj", "{F07E33B4-FA9F-491D-9DE7-2AA174807A02}"
EndProject
Project("{FAE04EC0-301F-11D3-BF4B-00C04F79EFBC}") = "03. Word Count", "03. Word Count\03. Word Count.csproj", "{543E79CC-8670-4058-BBED-052755CF4498}"
EndProject
Project("{FAE04EC0-301F-11D3-BF4B-00C04F79EFBC}") = "04. Merge Files", "04. Merge Files\04. Merge Files.csproj", "{B68D2538-FFF4-49C9-AAEF-89E0A77F3246}"
EndProject
Global
	GlobalSection(SolutionConfigurationPlatforms) = preSolution
		Debug|Any CPU = Debug|Any CPU
		Release|Any CPU = Release|Any CPU
	EndGlobalSection
	GlobalSection(ProjectConfigurationPlatforms) = postSolution
		{C71252F0-53AF-45BA-9083-04586C0D5BDA}.Debug|Any CPU.ActiveCfg = Debug|Any CPU
		{C71252F0-53AF-45BA-9083-04586C0D5BDA}.Debug|Any CPU.Build.0 = Debug|Any CPU
		{C71252F0-53AF-45BA-9083-04586C0D5BDA}.Release|Any CPU.ActiveCfg = Release|Any CPU
		{C71252F0-53AF-45BA-9083-04586C0D5BDA}.Release|Any CPU.Build.0 = Release|Any CPU
		{F07E33B4-FA9F-491D-9DE7-2AA174807A02}.Debug|Any CPU.ActiveCfg = Debug|Any CPU
		{F07E33B4-FA9F-491D-9DE7-2AA174807A02}.Debug|Any CPU.Build.0 = Debug|Any CPU
		{F07E33B4-FA9F-491D-9DE7-2AA174807A02}.Release|Any CPU.ActiveCfg = Release|Any CPU
		{F07E33B4-FA9F-491D-9DE7-2AA174807A02}.Release|Any CPU.Build.0 = Release|Any CPU
		{543E79CC-8670-4058-BBED-052755CF4498}.Debug|Any CPU.ActiveCfg = Debug|Any CPU
		{543E79CC-8670-4058-BBED-052755CF4498}.Debug|Any CPU.Build.0 = Debug|Any CPU
		{543E79CC-8670-4058-BBED-052755CF4498}.Release|Any CPU.ActiveCfg = Release|Any CPU
		{543E79CC-8670-4058-BBED-052755CF4498}.Release|Any CPU.Build.0 = Release|Any CPU
		{B68D2538-FFF4-49C9-AAEF-89E0A77F3246}.Debug|Any CPU.ActiveCfg = Debug|Any CPU
		{B68D2538-FFF4-49C9-AAEF-89E0A77F3246}.Debug|Any CPU.Build.0 = Debug|Any CPU
		{B68D2538-FFF4-49C9-AAEF-89E0A77F3246}.Release|Any CPU.ActiveCfg = Release|Any CPU
		{B68D2538-FFF4-49C9-AAEF-89E0A77F3246}.Release|Any CPU.Build.0 = Release|Any CPU
	EndGlobalSection
	GlobalSection(SolutionProperties) = preSolution
		HideSolutionNode = FALSE
	EndGlobalSection
EndGlobal
